// !$*UTF8*$!
{
	archiveVersion = 1;
	classes = {
	};
	objectVersion = 46;
	objects = {

/* Begin PBXBuildFile section */
		0D85370B1D945422006AFC02 /* AppDelegate.swift in Sources */ = {isa = PBXBuildFile; fileRef = 0D85370A1D945422006AFC02 /* AppDelegate.swift */; };
		0D85370D1D945422006AFC02 /* SASearchViewController.swift in Sources */ = {isa = PBXBuildFile; fileRef = 0D85370C1D945422006AFC02 /* SASearchViewController.swift */; };
		0D8537101D945422006AFC02 /* Main.storyboard in Resources */ = {isa = PBXBuildFile; fileRef = 0D85370E1D945422006AFC02 /* Main.storyboard */; };
		0D8537121D945422006AFC02 /* Assets.xcassets in Resources */ = {isa = PBXBuildFile; fileRef = 0D8537111D945422006AFC02 /* Assets.xcassets */; };
		0D8537151D945422006AFC02 /* LaunchScreen.storyboard in Resources */ = {isa = PBXBuildFile; fileRef = 0D8537131D945422006AFC02 /* LaunchScreen.storyboard */; };
		0D8537201D945422006AFC02 /* SpotifyTests.swift in Sources */ = {isa = PBXBuildFile; fileRef = 0D85371F1D945422006AFC02 /* SpotifyTests.swift */; };
		0D85372B1D9454C4006AFC02 /* SASearchViewModel.swift in Sources */ = {isa = PBXBuildFile; fileRef = 0D85372A1D9454C4006AFC02 /* SASearchViewModel.swift */; };
		0D85372D1D9454E7006AFC02 /* SAArtistViewController.swift in Sources */ = {isa = PBXBuildFile; fileRef = 0D85372C1D9454E7006AFC02 /* SAArtistViewController.swift */; };
		0D85372F1D9454FC006AFC02 /* SAArtistViewModel.swift in Sources */ = {isa = PBXBuildFile; fileRef = 0D85372E1D9454FC006AFC02 /* SAArtistViewModel.swift */; };
		0D8537311D94552C006AFC02 /* RequestManager.swift in Sources */ = {isa = PBXBuildFile; fileRef = 0D8537301D94552C006AFC02 /* RequestManager.swift */; };
		0D8537371D9455F0006AFC02 /* Artist.swift in Sources */ = {isa = PBXBuildFile; fileRef = 0D8537361D9455F0006AFC02 /* Artist.swift */; };
		0D8B22DB1D956ECE007A19FA /* AukDistrib.swift in Sources */ = {isa = PBXBuildFile; fileRef = 0D8B22DA1D956ECE007A19FA /* AukDistrib.swift */; };
		0D8B22DD1D956F05007A19FA /* MoaDistrib.swift in Sources */ = {isa = PBXBuildFile; fileRef = 0D8B22DC1D956F05007A19FA /* MoaDistrib.swift */; };
		0DD9453D1D9473CF00F5B01A /* ArtistCellViewModel.swift in Sources */ = {isa = PBXBuildFile; fileRef = 0DD9453C1D9473CF00F5B01A /* ArtistCellViewModel.swift */; };
		0DD9453F1D947BFC00F5B01A /* ArtistTableViewCell.swift in Sources */ = {isa = PBXBuildFile; fileRef = 0DD9453E1D947BFC00F5B01A /* ArtistTableViewCell.swift */; };
		0DEDF26A1D945D930059FB8E /* NetworkOperation.swift in Sources */ = {isa = PBXBuildFile; fileRef = 0DEDF2691D945D930059FB8E /* NetworkOperation.swift */; };
		0DEDF2711D9464850059FB8E /* AppConfig.swift in Sources */ = {isa = PBXBuildFile; fileRef = 0DEDF2701D9464850059FB8E /* AppConfig.swift */; };
		29C6FC045283A80E0B55B347 /* Pods_Spotify.framework in Frameworks */ = {isa = PBXBuildFile; fileRef = BCE0D88FDD76C2A8F8E534C8 /* Pods_Spotify.framework */; };
		3BF2B07317388A697D45C11F /* Pods_SpotifyTests.framework in Frameworks */ = {isa = PBXBuildFile; fileRef = 54A1E5C1A9ED9CD74590E4C5 /* Pods_SpotifyTests.framework */; };
/* End PBXBuildFile section */

/* Begin PBXContainerItemProxy section */
		0D85371C1D945422006AFC02 /* PBXContainerItemProxy */ = {
			isa = PBXContainerItemProxy;
			containerPortal = 0D8536FF1D945422006AFC02 /* Project object */;
			proxyType = 1;
			remoteGlobalIDString = 0D8537061D945422006AFC02;
			remoteInfo = Spotify;
		};
/* End PBXContainerItemProxy section */

/* Begin PBXFileReference section */
		08D33C217F2DB61B141CF9AF /* Pods-SpotifyTests.debug.xcconfig */ = {isa = PBXFileReference; includeInIndex = 1; lastKnownFileType = text.xcconfig; name = "Pods-SpotifyTests.debug.xcconfig"; path = "Pods/Target Support Files/Pods-SpotifyTests/Pods-SpotifyTests.debug.xcconfig"; sourceTree = "<group>"; };
		0D8537071D945422006AFC02 /* Spotify.app */ = {isa = PBXFileReference; explicitFileType = wrapper.application; includeInIndex = 0; path = Spotify.app; sourceTree = BUILT_PRODUCTS_DIR; };
		0D85370A1D945422006AFC02 /* AppDelegate.swift */ = {isa = PBXFileReference; lastKnownFileType = sourcecode.swift; path = AppDelegate.swift; sourceTree = "<group>"; };
		0D85370C1D945422006AFC02 /* SASearchViewController.swift */ = {isa = PBXFileReference; lastKnownFileType = sourcecode.swift; path = SASearchViewController.swift; sourceTree = "<group>"; };
		0D85370F1D945422006AFC02 /* Base */ = {isa = PBXFileReference; lastKnownFileType = file.storyboard; name = Base; path = Base.lproj/Main.storyboard; sourceTree = "<group>"; };
		0D8537111D945422006AFC02 /* Assets.xcassets */ = {isa = PBXFileReference; lastKnownFileType = folder.assetcatalog; path = Assets.xcassets; sourceTree = "<group>"; };
		0D8537141D945422006AFC02 /* Base */ = {isa = PBXFileReference; lastKnownFileType = file.storyboard; name = Base; path = Base.lproj/LaunchScreen.storyboard; sourceTree = "<group>"; };
		0D8537161D945422006AFC02 /* Info.plist */ = {isa = PBXFileReference; lastKnownFileType = text.plist.xml; path = Info.plist; sourceTree = "<group>"; };
		0D85371B1D945422006AFC02 /* SpotifyTests.xctest */ = {isa = PBXFileReference; explicitFileType = wrapper.cfbundle; includeInIndex = 0; path = SpotifyTests.xctest; sourceTree = BUILT_PRODUCTS_DIR; };
		0D85371F1D945422006AFC02 /* SpotifyTests.swift */ = {isa = PBXFileReference; lastKnownFileType = sourcecode.swift; path = SpotifyTests.swift; sourceTree = "<group>"; };
		0D8537211D945422006AFC02 /* Info.plist */ = {isa = PBXFileReference; lastKnownFileType = text.plist.xml; path = Info.plist; sourceTree = "<group>"; };
		0D85372A1D9454C4006AFC02 /* SASearchViewModel.swift */ = {isa = PBXFileReference; fileEncoding = 4; lastKnownFileType = sourcecode.swift; path = SASearchViewModel.swift; sourceTree = "<group>"; };
		0D85372C1D9454E7006AFC02 /* SAArtistViewController.swift */ = {isa = PBXFileReference; fileEncoding = 4; lastKnownFileType = sourcecode.swift; path = SAArtistViewController.swift; sourceTree = "<group>"; };
		0D85372E1D9454FC006AFC02 /* SAArtistViewModel.swift */ = {isa = PBXFileReference; fileEncoding = 4; lastKnownFileType = sourcecode.swift; path = SAArtistViewModel.swift; sourceTree = "<group>"; };
		0D8537301D94552C006AFC02 /* RequestManager.swift */ = {isa = PBXFileReference; fileEncoding = 4; lastKnownFileType = sourcecode.swift; path = RequestManager.swift; sourceTree = "<group>"; };
		0D8537361D9455F0006AFC02 /* Artist.swift */ = {isa = PBXFileReference; fileEncoding = 4; lastKnownFileType = sourcecode.swift; path = Artist.swift; sourceTree = "<group>"; };
		0D8B22DA1D956ECE007A19FA /* AukDistrib.swift */ = {isa = PBXFileReference; fileEncoding = 4; lastKnownFileType = sourcecode.swift; path = AukDistrib.swift; sourceTree = "<group>"; };
		0D8B22DC1D956F05007A19FA /* MoaDistrib.swift */ = {isa = PBXFileReference; fileEncoding = 4; lastKnownFileType = sourcecode.swift; path = MoaDistrib.swift; sourceTree = "<group>"; };
		0DD9453C1D9473CF00F5B01A /* ArtistCellViewModel.swift */ = {isa = PBXFileReference; fileEncoding = 4; lastKnownFileType = sourcecode.swift; path = ArtistCellViewModel.swift; sourceTree = "<group>"; };
		0DD9453E1D947BFC00F5B01A /* ArtistTableViewCell.swift */ = {isa = PBXFileReference; fileEncoding = 4; lastKnownFileType = sourcecode.swift; path = ArtistTableViewCell.swift; sourceTree = "<group>"; };
		0DEDF2691D945D930059FB8E /* NetworkOperation.swift */ = {isa = PBXFileReference; fileEncoding = 4; lastKnownFileType = sourcecode.swift; path = NetworkOperation.swift; sourceTree = "<group>"; };
		0DEDF2701D9464850059FB8E /* AppConfig.swift */ = {isa = PBXFileReference; fileEncoding = 4; lastKnownFileType = sourcecode.swift; path = AppConfig.swift; sourceTree = "<group>"; };
		54A1E5C1A9ED9CD74590E4C5 /* Pods_SpotifyTests.framework */ = {isa = PBXFileReference; explicitFileType = wrapper.framework; includeInIndex = 0; path = Pods_SpotifyTests.framework; sourceTree = BUILT_PRODUCTS_DIR; };
		5A2A4289B395F3633CFB8A03 /* Pods-Spotify.debug.xcconfig */ = {isa = PBXFileReference; includeInIndex = 1; lastKnownFileType = text.xcconfig; name = "Pods-Spotify.debug.xcconfig"; path = "Pods/Target Support Files/Pods-Spotify/Pods-Spotify.debug.xcconfig"; sourceTree = "<group>"; };
		7EDE5B750F83FE7C21633C70 /* Pods-Spotify.release.xcconfig */ = {isa = PBXFileReference; includeInIndex = 1; lastKnownFileType = text.xcconfig; name = "Pods-Spotify.release.xcconfig"; path = "Pods/Target Support Files/Pods-Spotify/Pods-Spotify.release.xcconfig"; sourceTree = "<group>"; };
		BCE0D88FDD76C2A8F8E534C8 /* Pods_Spotify.framework */ = {isa = PBXFileReference; explicitFileType = wrapper.framework; includeInIndex = 0; path = Pods_Spotify.framework; sourceTree = BUILT_PRODUCTS_DIR; };
		E00D113E616A14421575CD0E /* Pods-SpotifyTests.release.xcconfig */ = {isa = PBXFileReference; includeInIndex = 1; lastKnownFileType = text.xcconfig; name = "Pods-SpotifyTests.release.xcconfig"; path = "Pods/Target Support Files/Pods-SpotifyTests/Pods-SpotifyTests.release.xcconfig"; sourceTree = "<group>"; };
/* End PBXFileReference section */

/* Begin PBXFrameworksBuildPhase section */
		0D8537041D945422006AFC02 /* Frameworks */ = {
			isa = PBXFrameworksBuildPhase;
			buildActionMask = 2147483647;
			files = (
				29C6FC045283A80E0B55B347 /* Pods_Spotify.framework in Frameworks */,
			);
			runOnlyForDeploymentPostprocessing = 0;
		};
		0D8537181D945422006AFC02 /* Frameworks */ = {
			isa = PBXFrameworksBuildPhase;
			buildActionMask = 2147483647;
			files = (
				3BF2B07317388A697D45C11F /* Pods_SpotifyTests.framework in Frameworks */,
			);
			runOnlyForDeploymentPostprocessing = 0;
		};
/* End PBXFrameworksBuildPhase section */

/* Begin PBXGroup section */
		0D8536FE1D945422006AFC02 = {
			isa = PBXGroup;
			children = (
				0D8537091D945422006AFC02 /* Spotify */,
				0D85371E1D945422006AFC02 /* SpotifyTests */,
				0D8537081D945422006AFC02 /* Products */,
				14CE565671B3445B826FEA96 /* Pods */,
				F44632A715EA961931C9195D /* Frameworks */,
			);
			sourceTree = "<group>";
		};
		0D8537081D945422006AFC02 /* Products */ = {
			isa = PBXGroup;
			children = (
				0D8537071D945422006AFC02 /* Spotify.app */,
				0D85371B1D945422006AFC02 /* SpotifyTests.xctest */,
			);
			name = Products;
			sourceTree = "<group>";
		};
		0D8537091D945422006AFC02 /* Spotify */ = {
			isa = PBXGroup;
			children = (
				0D8B22D91D956EBD007A19FA /* SlideShow */,
				0D8B22D81D9569A0007A19FA /* ArtistModel */,
				0D8537351D945572006AFC02 /* NetworkManager */,
				0D8537331D945548006AFC02 /* ArtistController */,
				0D8B22DE1D957797007A19FA /* ArtistTableViewCell */,
				0D8537321D945531006AFC02 /* SearchController */,
				0D8537341D94555A006AFC02 /* Resources */,
				0D85370E1D945422006AFC02 /* Main.storyboard */,
			);
			path = Spotify;
			sourceTree = "<group>";
		};
		0D85371E1D945422006AFC02 /* SpotifyTests */ = {
			isa = PBXGroup;
			children = (
				0D85371F1D945422006AFC02 /* SpotifyTests.swift */,
				0D8537211D945422006AFC02 /* Info.plist */,
			);
			path = SpotifyTests;
			sourceTree = "<group>";
		};
		0D8537321D945531006AFC02 /* SearchController */ = {
			isa = PBXGroup;
			children = (
				0D85370C1D945422006AFC02 /* SASearchViewController.swift */,
				0D85372A1D9454C4006AFC02 /* SASearchViewModel.swift */,
			);
			name = SearchController;
			sourceTree = "<group>";
		};
		0D8537331D945548006AFC02 /* ArtistController */ = {
			isa = PBXGroup;
			children = (
				0D85372C1D9454E7006AFC02 /* SAArtistViewController.swift */,
				0D85372E1D9454FC006AFC02 /* SAArtistViewModel.swift */,
			);
			name = ArtistController;
			sourceTree = "<group>";
		};
		0D8537341D94555A006AFC02 /* Resources */ = {
			isa = PBXGroup;
			children = (
				0DEDF2701D9464850059FB8E /* AppConfig.swift */,
				0D85370A1D945422006AFC02 /* AppDelegate.swift */,
				0D8537111D945422006AFC02 /* Assets.xcassets */,
				0D8537161D945422006AFC02 /* Info.plist */,
				0D8537131D945422006AFC02 /* LaunchScreen.storyboard */,
			);
			name = Resources;
			sourceTree = "<group>";
		};
		0D8537351D945572006AFC02 /* NetworkManager */ = {
			isa = PBXGroup;
			children = (
				0D8537301D94552C006AFC02 /* RequestManager.swift */,
				0DEDF2691D945D930059FB8E /* NetworkOperation.swift */,
			);
			name = NetworkManager;
			sourceTree = "<group>";
		};
		0D8B22D81D9569A0007A19FA /* ArtistModel */ = {
			isa = PBXGroup;
			children = (
				0D8537361D9455F0006AFC02 /* Artist.swift */,
			);
			name = ArtistModel;
			sourceTree = "<group>";
		};
		0D8B22D91D956EBD007A19FA /* SlideShow */ = {
			isa = PBXGroup;
			children = (
				0D8B22DA1D956ECE007A19FA /* AukDistrib.swift */,
				0D8B22DC1D956F05007A19FA /* MoaDistrib.swift */,
			);
			name = SlideShow;
			sourceTree = "<group>";
		};
		0D8B22DE1D957797007A19FA /* ArtistTableViewCell */ = {
			isa = PBXGroup;
			children = (
				0DD9453C1D9473CF00F5B01A /* ArtistCellViewModel.swift */,
				0DD9453E1D947BFC00F5B01A /* ArtistTableViewCell.swift */,
			);
			name = ArtistTableViewCell;
			sourceTree = "<group>";
		};
		14CE565671B3445B826FEA96 /* Pods */ = {
			isa = PBXGroup;
			children = (
				5A2A4289B395F3633CFB8A03 /* Pods-Spotify.debug.xcconfig */,
				7EDE5B750F83FE7C21633C70 /* Pods-Spotify.release.xcconfig */,
				08D33C217F2DB61B141CF9AF /* Pods-SpotifyTests.debug.xcconfig */,
				E00D113E616A14421575CD0E /* Pods-SpotifyTests.release.xcconfig */,
			);
			name = Pods;
			sourceTree = "<group>";
		};
		F44632A715EA961931C9195D /* Frameworks */ = {
			isa = PBXGroup;
			children = (
				BCE0D88FDD76C2A8F8E534C8 /* Pods_Spotify.framework */,
				54A1E5C1A9ED9CD74590E4C5 /* Pods_SpotifyTests.framework */,
			);
			name = Frameworks;
			sourceTree = "<group>";
		};
/* End PBXGroup section */

/* Begin PBXNativeTarget section */
		0D8537061D945422006AFC02 /* Spotify */ = {
			isa = PBXNativeTarget;
			buildConfigurationList = 0D8537241D945422006AFC02 /* Build configuration list for PBXNativeTarget "Spotify" */;
			buildPhases = (
				DCDCC65F6F75219AC7FAFF76 /* [CP] Check Pods Manifest.lock */,
				0D8537031D945422006AFC02 /* Sources */,
				0D8537041D945422006AFC02 /* Frameworks */,
				0D8537051D945422006AFC02 /* Resources */,
				AE4B6293FD54CDCD75DEA4A7 /* [CP] Embed Pods Frameworks */,
				BFE1C1473801FA745CDD07F1 /* [CP] Copy Pods Resources */,
			);
			buildRules = (
			);
			dependencies = (
			);
			name = Spotify;
			productName = Spotify;
			productReference = 0D8537071D945422006AFC02 /* Spotify.app */;
			productType = "com.apple.product-type.application";
		};
		0D85371A1D945422006AFC02 /* SpotifyTests */ = {
			isa = PBXNativeTarget;
			buildConfigurationList = 0D8537271D945422006AFC02 /* Build configuration list for PBXNativeTarget "SpotifyTests" */;
			buildPhases = (
				A97BDCFFE66B81ED811137B8 /* [CP] Check Pods Manifest.lock */,
				0D8537171D945422006AFC02 /* Sources */,
				0D8537181D945422006AFC02 /* Frameworks */,
				0D8537191D945422006AFC02 /* Resources */,
				BCFC881EC7829DFF135468D9 /* [CP] Embed Pods Frameworks */,
				DE967691AD71E25ADE01DA68 /* [CP] Copy Pods Resources */,
			);
			buildRules = (
			);
			dependencies = (
				0D85371D1D945422006AFC02 /* PBXTargetDependency */,
			);
			name = SpotifyTests;
			productName = SpotifyTests;
			productReference = 0D85371B1D945422006AFC02 /* SpotifyTests.xctest */;
			productType = "com.apple.product-type.bundle.unit-test";
		};
/* End PBXNativeTarget section */

/* Begin PBXProject section */
		0D8536FF1D945422006AFC02 /* Project object */ = {
			isa = PBXProject;
			attributes = {
				LastSwiftUpdateCheck = 0800;
				LastUpgradeCheck = 0800;
				ORGANIZATIONNAME = "RAVI RANDERIA";
				TargetAttributes = {
					0D8537061D945422006AFC02 = {
						CreatedOnToolsVersion = 8.0;
						DevelopmentTeam = EL6K7WT8JU;
						LastSwiftMigration = 0800;
						ProvisioningStyle = Automatic;
					};
					0D85371A1D945422006AFC02 = {
						CreatedOnToolsVersion = 8.0;
						DevelopmentTeam = EL6K7WT8JU;
						LastSwiftMigration = 0800;
						ProvisioningStyle = Automatic;
						TestTargetID = 0D8537061D945422006AFC02;
					};
				};
			};
			buildConfigurationList = 0D8537021D945422006AFC02 /* Build configuration list for PBXProject "Spotify" */;
			compatibilityVersion = "Xcode 3.2";
			developmentRegion = English;
			hasScannedForEncodings = 0;
			knownRegions = (
				en,
				Base,
			);
			mainGroup = 0D8536FE1D945422006AFC02;
			productRefGroup = 0D8537081D945422006AFC02 /* Products */;
			projectDirPath = "";
			projectRoot = "";
			targets = (
				0D8537061D945422006AFC02 /* Spotify */,
				0D85371A1D945422006AFC02 /* SpotifyTests */,
			);
		};
/* End PBXProject section */

/* Begin PBXResourcesBuildPhase section */
		0D8537051D945422006AFC02 /* Resources */ = {
			isa = PBXResourcesBuildPhase;
			buildActionMask = 2147483647;
			files = (
				0D8537151D945422006AFC02 /* LaunchScreen.storyboard in Resources */,
				0D8537121D945422006AFC02 /* Assets.xcassets in Resources */,
				0D8537101D945422006AFC02 /* Main.storyboard in Resources */,
			);
			runOnlyForDeploymentPostprocessing = 0;
		};
		0D8537191D945422006AFC02 /* Resources */ = {
			isa = PBXResourcesBuildPhase;
			buildActionMask = 2147483647;
			files = (
			);
			runOnlyForDeploymentPostprocessing = 0;
		};
/* End PBXResourcesBuildPhase section */

/* Begin PBXShellScriptBuildPhase section */
		A97BDCFFE66B81ED811137B8 /* [CP] Check Pods Manifest.lock */ = {
			isa = PBXShellScriptBuildPhase;
			buildActionMask = 2147483647;
			files = (
			);
			inputPaths = (
			);
			name = "[CP] Check Pods Manifest.lock";
			outputPaths = (
			);
			runOnlyForDeploymentPostprocessing = 0;
			shellPath = /bin/sh;
			shellScript = "diff \"${PODS_ROOT}/../Podfile.lock\" \"${PODS_ROOT}/Manifest.lock\" > /dev/null\nif [[ $? != 0 ]] ; then\n    cat << EOM\nerror: The sandbox is not in sync with the Podfile.lock. Run 'pod install' or update your CocoaPods installation.\nEOM\n    exit 1\nfi\n";
			showEnvVarsInLog = 0;
		};
		AE4B6293FD54CDCD75DEA4A7 /* [CP] Embed Pods Frameworks */ = {
			isa = PBXShellScriptBuildPhase;
			buildActionMask = 2147483647;
			files = (
			);
			inputPaths = (
			);
			name = "[CP] Embed Pods Frameworks";
			outputPaths = (
			);
			runOnlyForDeploymentPostprocessing = 0;
			shellPath = /bin/sh;
			shellScript = "\"${SRCROOT}/Pods/Target Support Files/Pods-Spotify/Pods-Spotify-frameworks.sh\"\n";
			showEnvVarsInLog = 0;
		};
		BCFC881EC7829DFF135468D9 /* [CP] Embed Pods Frameworks */ = {
			isa = PBXShellScriptBuildPhase;
			buildActionMask = 2147483647;
			files = (
			);
			inputPaths = (
			);
			name = "[CP] Embed Pods Frameworks";
			outputPaths = (
			);
			runOnlyForDeploymentPostprocessing = 0;
			shellPath = /bin/sh;
			shellScript = "\"${SRCROOT}/Pods/Target Support Files/Pods-SpotifyTests/Pods-SpotifyTests-frameworks.sh\"\n";
			showEnvVarsInLog = 0;
		};
		BFE1C1473801FA745CDD07F1 /* [CP] Copy Pods Resources */ = {
			isa = PBXShellScriptBuildPhase;
			buildActionMask = 2147483647;
			files = (
			);
			inputPaths = (
			);
			name = "[CP] Copy Pods Resources";
			outputPaths = (
			);
			runOnlyForDeploymentPostprocessing = 0;
			shellPath = /bin/sh;
			shellScript = "\"${SRCROOT}/Pods/Target Support Files/Pods-Spotify/Pods-Spotify-resources.sh\"\n";
			showEnvVarsInLog = 0;
		};
		DCDCC65F6F75219AC7FAFF76 /* [CP] Check Pods Manifest.lock */ = {
			isa = PBXShellScriptBuildPhase;
			buildActionMask = 2147483647;
			files = (
			);
			inputPaths = (
			);
			name = "[CP] Check Pods Manifest.lock";
			outputPaths = (
			);
			runOnlyForDeploymentPostprocessing = 0;
			shellPath = /bin/sh;
			shellScript = "diff \"${PODS_ROOT}/../Podfile.lock\" \"${PODS_ROOT}/Manifest.lock\" > /dev/null\nif [[ $? != 0 ]] ; then\n    cat << EOM\nerror: The sandbox is not in sync with the Podfile.lock. Run 'pod install' or update your CocoaPods installation.\nEOM\n    exit 1\nfi\n";
			showEnvVarsInLog = 0;
		};
		DE967691AD71E25ADE01DA68 /* [CP] Copy Pods Resources */ = {
			isa = PBXShellScriptBuildPhase;
			buildActionMask = 2147483647;
			files = (
			);
			inputPaths = (
			);
			name = "[CP] Copy Pods Resources";
			outputPaths = (
			);
			runOnlyForDeploymentPostprocessing = 0;
			shellPath = /bin/sh;
			shellScript = "\"${SRCROOT}/Pods/Target Support Files/Pods-SpotifyTests/Pods-SpotifyTests-resources.sh\"\n";
			showEnvVarsInLog = 0;
		};
/* End PBXShellScriptBuildPhase section */

/* Begin PBXSourcesBuildPhase section */
		0D8537031D945422006AFC02 /* Sources */ = {
			isa = PBXSourcesBuildPhase;
			buildActionMask = 2147483647;
			files = (
				0D85370D1D945422006AFC02 /* SASearchViewController.swift in Sources */,
				0DEDF2711D9464850059FB8E /* AppConfig.swift in Sources */,
				0DD9453F1D947BFC00F5B01A /* ArtistTableViewCell.swift in Sources */,
				0D85372D1D9454E7006AFC02 /* SAArtistViewController.swift in Sources */,
				0D8537371D9455F0006AFC02 /* Artist.swift in Sources */,
				0D85370B1D945422006AFC02 /* AppDelegate.swift in Sources */,
				0DEDF26A1D945D930059FB8E /* NetworkOperation.swift in Sources */,
				0D8B22DD1D956F05007A19FA /* MoaDistrib.swift in Sources */,
				0D8537311D94552C006AFC02 /* RequestManager.swift in Sources */,
				0D85372B1D9454C4006AFC02 /* SASearchViewModel.swift in Sources */,
				0D8B22DB1D956ECE007A19FA /* AukDistrib.swift in Sources */,
				0D85372F1D9454FC006AFC02 /* SAArtistViewModel.swift in Sources */,
				0DD9453D1D9473CF00F5B01A /* ArtistCellViewModel.swift in Sources */,
			);
			runOnlyForDeploymentPostprocessing = 0;
		};
		0D8537171D945422006AFC02 /* Sources */ = {
			isa = PBXSourcesBuildPhase;
			buildActionMask = 2147483647;
			files = (
				0D8537201D945422006AFC02 /* SpotifyTests.swift in Sources */,
			);
			runOnlyForDeploymentPostprocessing = 0;
		};
/* End PBXSourcesBuildPhase section */

/* Begin PBXTargetDependency section */
		0D85371D1D945422006AFC02 /* PBXTargetDependency */ = {
			isa = PBXTargetDependency;
			target = 0D8537061D945422006AFC02 /* Spotify */;
			targetProxy = 0D85371C1D945422006AFC02 /* PBXContainerItemProxy */;
		};
/* End PBXTargetDependency section */

/* Begin PBXVariantGroup section */
		0D85370E1D945422006AFC02 /* Main.storyboard */ = {
			isa = PBXVariantGroup;
			children = (
				0D85370F1D945422006AFC02 /* Base */,
			);
			name = Main.storyboard;
			sourceTree = "<group>";
		};
		0D8537131D945422006AFC02 /* LaunchScreen.storyboard */ = {
			isa = PBXVariantGroup;
			children = (
				0D8537141D945422006AFC02 /* Base */,
			);
			name = LaunchScreen.storyboard;
			sourceTree = "<group>";
		};
/* End PBXVariantGroup section */

/* Begin XCBuildConfiguration section */
		0D8537221D945422006AFC02 /* Debug */ = {
			isa = XCBuildConfiguration;
			buildSettings = {
				ALWAYS_SEARCH_USER_PATHS = NO;
				CLANG_ANALYZER_NONNULL = YES;
				CLANG_CXX_LANGUAGE_STANDARD = "gnu++0x";
				CLANG_CXX_LIBRARY = "libc++";
				CLANG_ENABLE_MODULES = YES;
				CLANG_ENABLE_OBJC_ARC = YES;
				CLANG_WARN_BOOL_CONVERSION = YES;
				CLANG_WARN_CONSTANT_CONVERSION = YES;
				CLANG_WARN_DIRECT_OBJC_ISA_USAGE = YES_ERROR;
				CLANG_WARN_DOCUMENTATION_COMMENTS = YES;
				CLANG_WARN_EMPTY_BODY = YES;
				CLANG_WARN_ENUM_CONVERSION = YES;
				CLANG_WARN_INFINITE_RECURSION = YES;
				CLANG_WARN_INT_CONVERSION = YES;
				CLANG_WARN_OBJC_ROOT_CLASS = YES_ERROR;
				CLANG_WARN_SUSPICIOUS_MOVE = YES;
				CLANG_WARN_SUSPICIOUS_MOVES = YES;
				CLANG_WARN_UNREACHABLE_CODE = YES;
				CLANG_WARN__DUPLICATE_METHOD_MATCH = YES;
				"CODE_SIGN_IDENTITY[sdk=iphoneos*]" = "iPhone Developer";
				COPY_PHASE_STRIP = NO;
				DEBUG_INFORMATION_FORMAT = dwarf;
				ENABLE_STRICT_OBJC_MSGSEND = YES;
				ENABLE_TESTABILITY = YES;
				GCC_C_LANGUAGE_STANDARD = gnu99;
				GCC_DYNAMIC_NO_PIC = NO;
				GCC_NO_COMMON_BLOCKS = YES;
				GCC_OPTIMIZATION_LEVEL = 0;
				GCC_PREPROCESSOR_DEFINITIONS = (
					"DEBUG=1",
					"$(inherited)",
				);
				GCC_WARN_64_TO_32_BIT_CONVERSION = YES;
				GCC_WARN_ABOUT_RETURN_TYPE = YES_ERROR;
				GCC_WARN_UNDECLARED_SELECTOR = YES;
				GCC_WARN_UNINITIALIZED_AUTOS = YES_AGGRESSIVE;
				GCC_WARN_UNUSED_FUNCTION = YES;
				GCC_WARN_UNUSED_VARIABLE = YES;
				IPHONEOS_DEPLOYMENT_TARGET = 9.3;
				MTL_ENABLE_DEBUG_INFO = YES;
				ONLY_ACTIVE_ARCH = YES;
				SDKROOT = iphoneos;
				SWIFT_ACTIVE_COMPILATION_CONDITIONS = DEBUG;
				SWIFT_OPTIMIZATION_LEVEL = "-Onone";
				TARGETED_DEVICE_FAMILY = "1,2";
			};
			name = Debug;
		};
		0D8537231D945422006AFC02 /* Release */ = {
			isa = XCBuildConfiguration;
			buildSettings = {
				ALWAYS_SEARCH_USER_PATHS = NO;
				CLANG_ANALYZER_NONNULL = YES;
				CLANG_CXX_LANGUAGE_STANDARD = "gnu++0x";
				CLANG_CXX_LIBRARY = "libc++";
				CLANG_ENABLE_MODULES = YES;
				CLANG_ENABLE_OBJC_ARC = YES;
				CLANG_WARN_BOOL_CONVERSION = YES;
				CLANG_WARN_CONSTANT_CONVERSION = YES;
				CLANG_WARN_DIRECT_OBJC_ISA_USAGE = YES_ERROR;
				CLANG_WARN_DOCUMENTATION_COMMENTS = YES;
				CLANG_WARN_EMPTY_BODY = YES;
				CLANG_WARN_ENUM_CONVERSION = YES;
				CLANG_WARN_INFINITE_RECURSION = YES;
				CLANG_WARN_INT_CONVERSION = YES;
				CLANG_WARN_OBJC_ROOT_CLASS = YES_ERROR;
				CLANG_WARN_SUSPICIOUS_MOVE = YES;
				CLANG_WARN_SUSPICIOUS_MOVES = YES;
				CLANG_WARN_UNREACHABLE_CODE = YES;
				CLANG_WARN__DUPLICATE_METHOD_MATCH = YES;
				"CODE_SIGN_IDENTITY[sdk=iphoneos*]" = "iPhone Developer";
				COPY_PHASE_STRIP = NO;
				DEBUG_INFORMATION_FORMAT = "dwarf-with-dsym";
				ENABLE_NS_ASSERTIONS = NO;
				ENABLE_STRICT_OBJC_MSGSEND = YES;
				GCC_C_LANGUAGE_STANDARD = gnu99;
				GCC_NO_COMMON_BLOCKS = YES;
				GCC_WARN_64_TO_32_BIT_CONVERSION = YES;
				GCC_WARN_ABOUT_RETURN_TYPE = YES_ERROR;
				GCC_WARN_UNDECLARED_SELECTOR = YES;
				GCC_WARN_UNINITIALIZED_AUTOS = YES_AGGRESSIVE;
				GCC_WARN_UNUSED_FUNCTION = YES;
				GCC_WARN_UNUSED_VARIABLE = YES;
				IPHONEOS_DEPLOYMENT_TARGET = 9.3;
				MTL_ENABLE_DEBUG_INFO = NO;
				SDKROOT = iphoneos;
				SWIFT_OPTIMIZATION_LEVEL = "-Owholemodule";
				TARGETED_DEVICE_FAMILY = "1,2";
				VALIDATE_PRODUCT = YES;
			};
			name = Release;
		};
		0D8537251D945422006AFC02 /* Debug */ = {
			isa = XCBuildConfiguration;
			baseConfigurationReference = 5A2A4289B395F3633CFB8A03 /* Pods-Spotify.debug.xcconfig */;
			buildSettings = {
				ALWAYS_EMBED_SWIFT_STANDARD_LIBRARIES = YES;
				ASSETCATALOG_COMPILER_APPICON_NAME = AppIcon;
				DEVELOPMENT_TEAM = EL6K7WT8JU;
				INFOPLIST_FILE = Spotify/Info.plist;
				LD_RUNPATH_SEARCH_PATHS = "$(inherited) @executable_path/Frameworks";
				PRODUCT_BUNDLE_IDENTIFIER = io.intrepid.Spotify;
				PRODUCT_NAME = "$(TARGET_NAME)";
				SWIFT_VERSION = 3.0;
			};
			name = Debug;
		};
		0D8537261D945422006AFC02 /* Release */ = {
			isa = XCBuildConfiguration;
			baseConfigurationReference = 7EDE5B750F83FE7C21633C70 /* Pods-Spotify.release.xcconfig */;
			buildSettings = {
				ALWAYS_EMBED_SWIFT_STANDARD_LIBRARIES = YES;
				ASSETCATALOG_COMPILER_APPICON_NAME = AppIcon;
				DEVELOPMENT_TEAM = EL6K7WT8JU;
				INFOPLIST_FILE = Spotify/Info.plist;
				LD_RUNPATH_SEARCH_PATHS = "$(inherited) @executable_path/Frameworks";
				PRODUCT_BUNDLE_IDENTIFIER = io.intrepid.Spotify;
				PRODUCT_NAME = "$(TARGET_NAME)";
				SWIFT_VERSION = 3.0;
			};
			name = Release;
		};
		0D8537281D945422006AFC02 /* Debug */ = {
			isa = XCBuildConfiguration;
			baseConfigurationReference = 08D33C217F2DB61B141CF9AF /* Pods-SpotifyTests.debug.xcconfig */;
			buildSettings = {
				ALWAYS_EMBED_SWIFT_STANDARD_LIBRARIES = YES;
				BUNDLE_LOADER = "$(TEST_HOST)";
				DEVELOPMENT_TEAM = EL6K7WT8JU;
				INFOPLIST_FILE = SpotifyTests/Info.plist;
				LD_RUNPATH_SEARCH_PATHS = "$(inherited) @executable_path/Frameworks @loader_path/Frameworks";
				PRODUCT_BUNDLE_IDENTIFIER = io.intrepid.SpotifyTests;
				PRODUCT_NAME = "$(TARGET_NAME)";
				SWIFT_VERSION = 3.0;
				TEST_HOST = "$(BUILT_PRODUCTS_DIR)/Spotify.app/Spotify";
			};
			name = Debug;
		};
		0D8537291D945422006AFC02 /* Release */ = {
			isa = XCBuildConfiguration;
			baseConfigurationReference = E00D113E616A14421575CD0E /* Pods-SpotifyTests.release.xcconfig */;
			buildSettings = {
				ALWAYS_EMBED_SWIFT_STANDARD_LIBRARIES = YES;
				BUNDLE_LOADER = "$(TEST_HOST)";
				DEVELOPMENT_TEAM = EL6K7WT8JU;
				INFOPLIST_FILE = SpotifyTests/Info.plist;
				LD_RUNPATH_SEARCH_PATHS = "$(inherited) @executable_path/Frameworks @loader_path/Frameworks";
				PRODUCT_BUNDLE_IDENTIFIER = io.intrepid.SpotifyTests;
				PRODUCT_NAME = "$(TARGET_NAME)";
				SWIFT_VERSION = 3.0;
				TEST_HOST = "$(BUILT_PRODUCTS_DIR)/Spotify.app/Spotify";
			};
			name = Release;
		};
/* End XCBuildConfiguration section */

/* Begin XCConfigurationList section */
		0D8537021D945422006AFC02 /* Build configuration list for PBXProject "Spotify" */ = {
			isa = XCConfigurationList;
			buildConfigurations = (
				0D8537221D945422006AFC02 /* Debug */,
				0D8537231D945422006AFC02 /* Release */,
			);
			defaultConfigurationIsVisible = 0;
			defaultConfigurationName = Release;
		};
		0D8537241D945422006AFC02 /* Build configuration list for PBXNativeTarget "Spotify" */ = {
			isa = XCConfigurationList;
			buildConfigurations = (
				0D8537251D945422006AFC02 /* Debug */,
				0D8537261D945422006AFC02 /* Release */,
			);
			defaultConfigurationIsVisible = 0;
			defaultConfigurationName = Release;
		};
		0D8537271D945422006AFC02 /* Build configuration list for PBXNativeTarget "SpotifyTests" */ = {
			isa = XCConfigurationList;
			buildConfigurations = (
				0D8537281D945422006AFC02 /* Debug */,
				0D8537291D945422006AFC02 /* Release */,
			);
			defaultConfigurationIsVisible = 0;
			defaultConfigurationName = Release;
		};
/* End XCConfigurationList section */
	};
	rootObject = 0D8536FF1D945422006AFC02 /* Project object */;
}
